
Microsoft Visual Studio Solution File, Format Version 12.00
# Visual Studio Version 17
VisualStudioVersion = 17.4.33122.133
MinimumVisualStudioVersion = 10.0.40219.1
Project("{FAE04EC0-301F-11D3-BF4B-00C04F79EFBC}") = "SecurityApi", "SecurityApi\SecurityApi.csproj", "{2F903A54-9482-48FB-8044-475079101644}"
EndProject
Global
	GlobalSection(SolutionConfigurationPlatforms) = preSolution
		Debug|Any CPU = Debug|Any CPU
		Release|Any CPU = Release|Any CPU
	EndGlobalSection
	GlobalSection(ProjectConfigurationPlatforms) = postSolution
		{2F903A54-9482-48FB-8044-475079101644}.Debug|Any CPU.ActiveCfg = Debug|Any CPU
		{2F903A54-9482-48FB-8044-475079101644}.Debug|Any CPU.Build.0 = Debug|Any CPU
		{2F903A54-9482-48FB-8044-475079101644}.Release|Any CPU.ActiveCfg = Release|Any CPU
		{2F903A54-9482-48FB-8044-475079101644}.Release|Any CPU.Build.0 = Release|Any CPU
	EndGlobalSection
	GlobalSection(SolutionProperties) = preSolution
		HideSolutionNode = FALSE
	EndGlobalSection
	GlobalSection(ExtensibilityGlobals) = postSolution
		SolutionGuid = {3A812C13-25C6-4E8B-B0F5-D9CD35E069CC}
	EndGlobalSection
EndGlobal
